// !$*UTF8*$!
{
	archiveVersion = 1;
	classes = {
	};
	objectVersion = 46;
	objects = {

/* Begin PBXBuildFile section */
		C688A13A1CBCF43E0054DD86 /* AppDelegate.swift in Sources */ = {isa = PBXBuildFile; fileRef = C688A1391CBCF43E0054DD86 /* AppDelegate.swift */; };
		C688A13C1CBCF43E0054DD86 /* ViewController.swift in Sources */ = {isa = PBXBuildFile; fileRef = C688A13B1CBCF43E0054DD86 /* ViewController.swift */; };
		C688A13F1CBCF43E0054DD86 /* Main.storyboard in Resources */ = {isa = PBXBuildFile; fileRef = C688A13D1CBCF43E0054DD86 /* Main.storyboard */; };
		C688A1411CBCF43E0054DD86 /* Assets.xcassets in Resources */ = {isa = PBXBuildFile; fileRef = C688A1401CBCF43E0054DD86 /* Assets.xcassets */; };
		C688A1441CBCF43E0054DD86 /* LaunchScreen.storyboard in Resources */ = {isa = PBXBuildFile; fileRef = C688A1421CBCF43E0054DD86 /* LaunchScreen.storyboard */; };
		F389EEC9A4C177EDCCE7A967 /* Pods_AlamofireWithSwiftyJSON.framework in Frameworks */ = {isa = PBXBuildFile; fileRef = F8E5A9BF441E45B443201F1C /* Pods_AlamofireWithSwiftyJSON.framework */; };
/* End PBXBuildFile section */

/* Begin PBXFileReference section */
		7E91E46690932B10EC815B9E /* Pods-AlamofireWithSwiftyJSON.debug.xcconfig */ = {isa = PBXFileReference; includeInIndex = 1; lastKnownFileType = text.xcconfig; name = "Pods-AlamofireWithSwiftyJSON.debug.xcconfig"; path = "Pods/Target Support Files/Pods-AlamofireWithSwiftyJSON/Pods-AlamofireWithSwiftyJSON.debug.xcconfig"; sourceTree = "<group>"; };
		A5D53873610BFF555EB43FA8 /* Pods-AlamofireWithSwiftyJSON.release.xcconfig */ = {isa = PBXFileReference; includeInIndex = 1; lastKnownFileType = text.xcconfig; name = "Pods-AlamofireWithSwiftyJSON.release.xcconfig"; path = "Pods/Target Support Files/Pods-AlamofireWithSwiftyJSON/Pods-AlamofireWithSwiftyJSON.release.xcconfig"; sourceTree = "<group>"; };
		C688A1361CBCF43E0054DD86 /* AlamofireWithSwiftyJSON.app */ = {isa = PBXFileReference; explicitFileType = wrapper.application; includeInIndex = 0; path = AlamofireWithSwiftyJSON.app; sourceTree = BUILT_PRODUCTS_DIR; };
		C688A1391CBCF43E0054DD86 /* AppDelegate.swift */ = {isa = PBXFileReference; lastKnownFileType = sourcecode.swift; path = AppDelegate.swift; sourceTree = "<group>"; };
		C688A13B1CBCF43E0054DD86 /* ViewController.swift */ = {isa = PBXFileReference; lastKnownFileType = sourcecode.swift; path = ViewController.swift; sourceTree = "<group>"; };
		C688A13E1CBCF43E0054DD86 /* Base */ = {isa = PBXFileReference; lastKnownFileType = file.storyboard; name = Base; path = Base.lproj/Main.storyboard; sourceTree = "<group>"; };
		C688A1401CBCF43E0054DD86 /* Assets.xcassets */ = {isa = PBXFileReference; lastKnownFileType = folder.assetcatalog; path = Assets.xcassets; sourceTree = "<group>"; };
		C688A1431CBCF43E0054DD86 /* Base */ = {isa = PBXFileReference; lastKnownFileType = file.storyboard; name = Base; path = Base.lproj/LaunchScreen.storyboard; sourceTree = "<group>"; };
		C688A1451CBCF43E0054DD86 /* Info.plist */ = {isa = PBXFileReference; lastKnownFileType = text.plist.xml; path = Info.plist; sourceTree = "<group>"; };
		F8E5A9BF441E45B443201F1C /* Pods_AlamofireWithSwiftyJSON.framework */ = {isa = PBXFileReference; explicitFileType = wrapper.framework; includeInIndex = 0; path = Pods_AlamofireWithSwiftyJSON.framework; sourceTree = BUILT_PRODUCTS_DIR; };
/* End PBXFileReference section */

/* Begin PBXFrameworksBuildPhase section */
		C688A1331CBCF43E0054DD86 /* Frameworks */ = {
			isa = PBXFrameworksBuildPhase;
			buildActionMask = 2147483647;
			files = (
				F389EEC9A4C177EDCCE7A967 /* Pods_AlamofireWithSwiftyJSON.framework in Frameworks */,
			);
			runOnlyForDeploymentPostprocessing = 0;
		};
/* End PBXFrameworksBuildPhase section */

/* Begin PBXGroup section */
		95BBF27EE5FD28A28F59D300 /* Pods */ = {
			isa = PBXGroup;
			children = (
				7E91E46690932B10EC815B9E /* Pods-AlamofireWithSwiftyJSON.debug.xcconfig */,
				A5D53873610BFF555EB43FA8 /* Pods-AlamofireWithSwiftyJSON.release.xcconfig */,
			);
			name = Pods;
			sourceTree = "<group>";
		};
		C688A12D1CBCF43E0054DD86 = {
			isa = PBXGroup;
			children = (
				C688A1381CBCF43E0054DD86 /* AlamofireWithSwiftyJSON */,
				C688A1371CBCF43E0054DD86 /* Products */,
				95BBF27EE5FD28A28F59D300 /* Pods */,
				E48902EF611204FBF31C8468 /* Frameworks */,
			);
			sourceTree = "<group>";
		};
		C688A1371CBCF43E0054DD86 /* Products */ = {
			isa = PBXGroup;
			children = (
				C688A1361CBCF43E0054DD86 /* AlamofireWithSwiftyJSON.app */,
			);
			name = Products;
			sourceTree = "<group>";
		};
		C688A1381CBCF43E0054DD86 /* AlamofireWithSwiftyJSON */ = {
			isa = PBXGroup;
			children = (
				C688A1391CBCF43E0054DD86 /* AppDelegate.swift */,
				C688A13B1CBCF43E0054DD86 /* ViewController.swift */,
				C688A13D1CBCF43E0054DD86 /* Main.storyboard */,
				C688A1401CBCF43E0054DD86 /* Assets.xcassets */,
				C688A1421CBCF43E0054DD86 /* LaunchScreen.storyboard */,
				C688A1451CBCF43E0054DD86 /* Info.plist */,
			);
			path = AlamofireWithSwiftyJSON;
			sourceTree = "<group>";
		};
		E48902EF611204FBF31C8468 /* Frameworks */ = {
			isa = PBXGroup;
			children = (
				F8E5A9BF441E45B443201F1C /* Pods_AlamofireWithSwiftyJSON.framework */,
			);
			name = Frameworks;
			sourceTree = "<group>";
		};
/* End PBXGroup section */

/* Begin PBXNativeTarget section */
		C688A1351CBCF43E0054DD86 /* AlamofireWithSwiftyJSON */ = {
			isa = PBXNativeTarget;
			buildConfigurationList = C688A1481CBCF43E0054DD86 /* Build configuration list for PBXNativeTarget "AlamofireWithSwiftyJSON" */;
			buildPhases = (
				E80A65F50F0AEBBDDEF7F6AF /* [CP] Check Pods Manifest.lock */,
				C688A1321CBCF43E0054DD86 /* Sources */,
				C688A1331CBCF43E0054DD86 /* Frameworks */,
				C688A1341CBCF43E0054DD86 /* Resources */,
				96551624305B7530CD0AEF9B /* [CP] Embed Pods Frameworks */,
				249700F68379E98FC9E7CA96 /* [CP] Copy Pods Resources */,
			);
			buildRules = (
			);
			dependencies = (
			);
			name = AlamofireWithSwiftyJSON;
			productName = AlamofireWithSwiftyJSON;
			productReference = C688A1361CBCF43E0054DD86 /* AlamofireWithSwiftyJSON.app */;
			productType = "com.apple.product-type.application";
		};
/* End PBXNativeTarget section */

/* Begin PBXProject section */
		C688A12E1CBCF43E0054DD86 /* Project object */ = {
			isa = PBXProject;
			attributes = {
				LastSwiftUpdateCheck = 0730;
				LastUpgradeCheck = 0800;
				ORGANIZATIONNAME = Kode;
				TargetAttributes = {
					C688A1351CBCF43E0054DD86 = {
						CreatedOnToolsVersion = 7.3;
						LastSwiftMigration = 0800;
					};
				};
			};
			buildConfigurationList = C688A1311CBCF43E0054DD86 /* Build configuration list for PBXProject "AlamofireWithSwiftyJSON" */;
			compatibilityVersion = "Xcode 3.2";
			developmentRegion = English;
			hasScannedForEncodings = 0;
			knownRegions = (
				en,
				Base,
			);
			mainGroup = C688A12D1CBCF43E0054DD86;
			productRefGroup = C688A1371CBCF43E0054DD86 /* Products */;
			projectDirPath = "";
			projectRoot = "";
			targets = (
				C688A1351CBCF43E0054DD86 /* AlamofireWithSwiftyJSON */,
			);
		};
/* End PBXProject section */

/* Begin PBXResourcesBuildPhase section */
		C688A1341CBCF43E0054DD86 /* Resources */ = {
			isa = PBXResourcesBuildPhase;
			buildActionMask = 2147483647;
			files = (
				C688A1441CBCF43E0054DD86 /* LaunchScreen.storyboard in Resources */,
				C688A1411CBCF43E0054DD86 /* Assets.xcassets in Resources */,
				C688A13F1CBCF43E0054DD86 /* Main.storyboard in Resources */,
			);
			runOnlyForDeploymentPostprocessing = 0;
		};
/* End PBXResourcesBuildPhase section */

/* Begin PBXShellScriptBuildPhase section */
		249700F68379E98FC9E7CA96 /* [CP] Copy Pods Resources */ = {
			isa = PBXShellScriptBuildPhase;
			buildActionMask = 2147483647;
			files = (
			);
			inputPaths = (
			);
			name = "[CP] Copy Pods Resources";
			outputPaths = (
			);
			runOnlyForDeploymentPostprocessing = 0;
			shellPath = /bin/sh;
			shellScript = "\"${SRCROOT}/Pods/Target Support Files/Pods-AlamofireWithSwiftyJSON/Pods-AlamofireWithSwiftyJSON-resources.sh\"\n";
			showEnvVarsInLog = 0;
		};
		96551624305B7530CD0AEF9B /* [CP] Embed Pods Frameworks */ = {
			isa = PBXShellScriptBuildPhase;
			buildActionMask = 2147483647;
			files = (
			);
			inputPaths = (
			);
			name = "[CP] Embed Pods Frameworks";
			outputPaths = (
			);
			runOnlyForDeploymentPostprocessing = 0;
			shellPath = /bin/sh;
			shellScript = "\"${SRCROOT}/Pods/Target Support Files/Pods-AlamofireWithSwiftyJSON/Pods-AlamofireWithSwiftyJSON-frameworks.sh\"\n";
			showEnvVarsInLog = 0;
		};
		E80A65F50F0AEBBDDEF7F6AF /* [CP] Check Pods Manifest.lock */ = {
			isa = PBXShellScriptBuildPhase;
			buildActionMask = 2147483647;
			files = (
			);
			inputPaths = (
			);
			name = "[CP] Check Pods Manifest.lock";
			outputPaths = (
			);
			runOnlyForDeploymentPostprocessing = 0;
			shellPath = /bin/sh;
			shellScript = "diff \"${PODS_ROOT}/../Podfile.lock\" \"${PODS_ROOT}/Manifest.lock\" > /dev/null\nif [ $? != 0 ] ; then\n    # print error to STDERR\n    echo \"error: The sandbox is not in sync with the Podfile.lock. Run 'pod install' or update your CocoaPods installation.\" >&2\n    exit 1\nfi\n";
			showEnvVarsInLog = 0;
		};
/* End PBXShellScriptBuildPhase section */

/* Begin PBXSourcesBuildPhase section */
		C688A1321CBCF43E0054DD86 /* Sources */ = {
			isa = PBXSourcesBuildPhase;
			buildActionMask = 2147483647;
			files = (
				C688A13C1CBCF43E0054DD86 /* ViewController.swift in Sources */,
				C688A13A1CBCF43E0054DD86 /* AppDelegate.swift in Sources */,
			);
			runOnlyForDeploymentPostprocessing = 0;
		};
/* End PBXSourcesBuildPhase section */

/* Begin PBXVariantGroup section */
		C688A13D1CBCF43E0054DD86 /* Main.storyboard */ = {
			isa = PBXVariantGroup;
			children = (
				C688A13E1CBCF43E0054DD86 /* Base */,
			);
			name = Main.storyboard;
			sourceTree = "<group>";
		};
		C688A1421CBCF43E0054DD86 /* LaunchScreen.storyboard */ = {
			isa = PBXVariantGroup;
			children = (
				C688A1431CBCF43E0054DD86 /* Base */,
			);
			name = LaunchScreen.storyboard;
			sourceTree = "<group>";
		};
/* End PBXVariantGroup section */

/* Begin XCBuildConfiguration section */
		C688A1461CBCF43E0054DD86 /* Debug */ = {
			isa = XCBuildConfiguration;
			buildSettings = {
				ALWAYS_SEARCH_USER_PATHS = NO;
				CLANG_ANALYZER_NONNULL = YES;
				CLANG_CXX_LANGUAGE_STANDARD = "gnu++0x";
				CLANG_CXX_LIBRARY = "libc++";
				CLANG_ENABLE_MODULES = YES;
				CLANG_ENABLE_OBJC_ARC = YES;
				CLANG_WARN_BOOL_CONVERSION = YES;
				CLANG_WARN_CONSTANT_CONVERSION = YES;
				CLANG_WARN_DIRECT_OBJC_ISA_USAGE = YES_ERROR;
				CLANG_WARN_EMPTY_BODY = YES;
				CLANG_WARN_ENUM_CONVERSION = YES;
				CLANG_WARN_INFINITE_RECURSION = YES;
				CLANG_WARN_INT_CONVERSION = YES;
				CLANG_WARN_OBJC_ROOT_CLASS = YES_ERROR;
				CLANG_WARN_SUSPICIOUS_MOVE = YES;
				CLANG_WARN_UNREACHABLE_CODE = YES;
				CLANG_WARN__DUPLICATE_METHOD_MATCH = YES;
				"CODE_SIGN_IDENTITY[sdk=iphoneos*]" = "iPhone Developer";
				COPY_PHASE_STRIP = NO;
				DEBUG_INFORMATION_FORMAT = dwarf;
				ENABLE_STRICT_OBJC_MSGSEND = YES;
				ENABLE_TESTABILITY = YES;
				GCC_C_LANGUAGE_STANDARD = gnu99;
				GCC_DYNAMIC_NO_PIC = NO;
				GCC_NO_COMMON_BLOCKS = YES;
				GCC_OPTIMIZATION_LEVEL = 0;
				GCC_PREPROCESSOR_DEFINITIONS = (
					"DEBUG=1",
					"$(inherited)",
				);
				GCC_WARN_64_TO_32_BIT_CONVERSION = YES;
				GCC_WARN_ABOUT_RETURN_TYPE = YES_ERROR;
				GCC_WARN_UNDECLARED_SELECTOR = YES;
				GCC_WARN_UNINITIALIZED_AUTOS = YES_AGGRESSIVE;
				GCC_WARN_UNUSED_FUNCTION = YES;
				GCC_WARN_UNUSED_VARIABLE = YES;
				IPHONEOS_DEPLOYMENT_TARGET = 9.0;
				MTL_ENABLE_DEBUG_INFO = YES;
				ONLY_ACTIVE_ARCH = YES;
				SDKROOT = iphoneos;
				SWIFT_OPTIMIZATION_LEVEL = "-Onone";
			};
			name = Debug;
		};
		C688A1471CBCF43E0054DD86 /* Release */ = {
			isa = XCBuildConfiguration;
			buildSettings = {
				ALWAYS_SEARCH_USER_PATHS = NO;
				CLANG_ANALYZER_NONNULL = YES;
				CLANG_CXX_LANGUAGE_STANDARD = "gnu++0x";
				CLANG_CXX_LIBRARY = "libc++";
				CLANG_ENABLE_MODULES = YES;
				CLANG_ENABLE_OBJC_ARC = YES;
				CLANG_WARN_BOOL_CONVERSION = YES;
				CLANG_WARN_CONSTANT_CONVERSION = YES;
				CLANG_WARN_DIRECT_OBJC_ISA_USAGE = YES_ERROR;
				CLANG_WARN_EMPTY_BODY = YES;
				CLANG_WARN_ENUM_CONVERSION = YES;
				CLANG_WARN_INFINITE_RECURSION = YES;
				CLANG_WARN_INT_CONVERSION = YES;
				CLANG_WARN_OBJC_ROOT_CLASS = YES_ERROR;
				CLANG_WARN_SUSPICIOUS_MOVE = YES;
				CLANG_WARN_UNREACHABLE_CODE = YES;
				CLANG_WARN__DUPLICATE_METHOD_MATCH = YES;
				"CODE_SIGN_IDENTITY[sdk=iphoneos*]" = "iPhone Developer";
				COPY_PHASE_STRIP = NO;
				DEBUG_INFORMATION_FORMAT = "dwarf-with-dsym";
				ENABLE_NS_ASSERTIONS = NO;
				ENABLE_STRICT_OBJC_MSGSEND = YES;
				GCC_C_LANGUAGE_STANDARD = gnu99;
				GCC_NO_COMMON_BLOCKS = YES;
				GCC_WARN_64_TO_32_BIT_CONVERSION = YES;
				GCC_WARN_ABOUT_RETURN_TYPE = YES_ERROR;
				GCC_WARN_UNDECLARED_SELECTOR = YES;
				GCC_WARN_UNINITIALIZED_AUTOS = YES_AGGRESSIVE;
				GCC_WARN_UNUSED_FUNCTION = YES;
				GCC_WARN_UNUSED_VARIABLE = YES;
				IPHONEOS_DEPLOYMENT_TARGET = 9.0;
				MTL_ENABLE_DEBUG_INFO = NO;
				SDKROOT = iphoneos;
				SWIFT_OPTIMIZATION_LEVEL = "-Owholemodule";
				VALIDATE_PRODUCT = YES;
			};
			name = Release;
		};
		C688A1491CBCF43E0054DD86 /* Debug */ = {
			isa = XCBuildConfiguration;
			baseConfigurationReference = 7E91E46690932B10EC815B9E /* Pods-AlamofireWithSwiftyJSON.debug.xcconfig */;
			buildSettings = {
				ALWAYS_EMBED_SWIFT_STANDARD_LIBRARIES = YES;
				ASSETCATALOG_COMPILER_APPICON_NAME = AppIcon;
				INFOPLIST_FILE = AlamofireWithSwiftyJSON/Info.plist;
				LD_RUNPATH_SEARCH_PATHS = "$(inherited) @executable_path/Frameworks";
				PRODUCT_BUNDLE_IDENTIFIER = com.kode.AlamofireWithSwiftyJSON;
				PRODUCT_NAME = "$(TARGET_NAME)";
				SWIFT_VERSION = 3.0;
			};
			name = Debug;
		};
		C688A14A1CBCF43E0054DD86 /* Release */ = {
			isa = XCBuildConfiguration;
			baseConfigurationReference = A5D53873610BFF555EB43FA8 /* Pods-AlamofireWithSwiftyJSON.release.xcconfig */;
			buildSettings = {
				ALWAYS_EMBED_SWIFT_STANDARD_LIBRARIES = YES;
				ASSETCATALOG_COMPILER_APPICON_NAME = AppIcon;
				INFOPLIST_FILE = AlamofireWithSwiftyJSON/Info.plist;
				LD_RUNPATH_SEARCH_PATHS = "$(inherited) @executable_path/Frameworks";
				PRODUCT_BUNDLE_IDENTIFIER = com.kode.AlamofireWithSwiftyJSON;
				PRODUCT_NAME = "$(TARGET_NAME)";
				SWIFT_VERSION = 3.0;
			};
			name = Release;
		};
/* End XCBuildConfiguration section */

/* Begin XCConfigurationList section */
		C688A1311CBCF43E0054DD86 /* Build configuration list for PBXProject "AlamofireWithSwiftyJSON" */ = {
			isa = XCConfigurationList;
			buildConfigurations = (
				C688A1461CBCF43E0054DD86 /* Debug */,
				C688A1471CBCF43E0054DD86 /* Release */,
			);
			defaultConfigurationIsVisible = 0;
			defaultConfigurationName = Release;
		};
		C688A1481CBCF43E0054DD86 /* Build configuration list for PBXNativeTarget "AlamofireWithSwiftyJSON" */ = {
			isa = XCConfigurationList;
			buildConfigurations = (
				C688A1491CBCF43E0054DD86 /* Debug */,
				C688A14A1CBCF43E0054DD86 /* Release */,
			);
			defaultConfigurationIsVisible = 0;
			defaultConfigurationName = Release;
		};
/* End XCConfigurationList section */
	};
	rootObject = C688A12E1CBCF43E0054DD86 /* Project object */;
}
